
Microsoft Visual Studio Solution File, Format Version 12.00
# Visual Studio Version 17
VisualStudioVersion = 17.13.35825.156
MinimumVisualStudioVersion = 10.0.40219.1
Project("{FAE04EC0-301F-11D3-BF4B-00C04F79EFBC}") = "ToDo.Core", "ToDo.Core\ToDo.Core.csproj", "{668A1FEA-96F1-4D2E-9F7E-C5C7FA39D8F8}"
EndProject
Project("{FAE04EC0-301F-11D3-BF4B-00C04F79EFBC}") = "PayGround", "PayGround\PayGround.csproj", "{DAE758CA-0146-413E-83C2-9214CD3B4193}"
EndProject
Project("{FAE04EC0-301F-11D3-BF4B-00C04F79EFBC}") = "Application", "Application\Application.csproj", "{AEDD1E39-E980-4B53-A0DA-FA6DDDAA5AC4}"
EndProject
Project("{FAE04EC0-301F-11D3-BF4B-00C04F79EFBC}") = "Infrastructure", "Infrastructure\Infrastructure.csproj", "{E1AF8E5B-4709-4C33-9AC1-B7ED8D4A94C8}"
EndProject
Project("{FAE04EC0-301F-11D3-BF4B-00C04F79EFBC}") = "FunctionsAPI", "FunctionsAPI\FunctionsAPI.csproj", "{57F7834B-3C8F-4E04-B8E6-19EBB3C0A9C7}"
EndProject
Project("{FAE04EC0-301F-11D3-BF4B-00C04F79EFBC}") = "WebApi", "WebApi\WebApi.csproj", "{19C49581-A106-40CB-84DC-FBE66876C8C2}"
EndProject
Global
	GlobalSection(SolutionConfigurationPlatforms) = preSolution
		Debug|Any CPU = Debug|Any CPU
		Release|Any CPU = Release|Any CPU
	EndGlobalSection
	GlobalSection(ProjectConfigurationPlatforms) = postSolution
		{668A1FEA-96F1-4D2E-9F7E-C5C7FA39D8F8}.Debug|Any CPU.ActiveCfg = Debug|Any CPU
		{668A1FEA-96F1-4D2E-9F7E-C5C7FA39D8F8}.Debug|Any CPU.Build.0 = Debug|Any CPU
		{668A1FEA-96F1-4D2E-9F7E-C5C7FA39D8F8}.Release|Any CPU.ActiveCfg = Release|Any CPU
		{668A1FEA-96F1-4D2E-9F7E-C5C7FA39D8F8}.Release|Any CPU.Build.0 = Release|Any CPU
		{DAE758CA-0146-413E-83C2-9214CD3B4193}.Debug|Any CPU.ActiveCfg = Debug|Any CPU
		{DAE758CA-0146-413E-83C2-9214CD3B4193}.Debug|Any CPU.Build.0 = Debug|Any CPU
		{DAE758CA-0146-413E-83C2-9214CD3B4193}.Release|Any CPU.ActiveCfg = Release|Any CPU
		{DAE758CA-0146-413E-83C2-9214CD3B4193}.Release|Any CPU.Build.0 = Release|Any CPU
		{AEDD1E39-E980-4B53-A0DA-FA6DDDAA5AC4}.Debug|Any CPU.ActiveCfg = Debug|Any CPU
		{AEDD1E39-E980-4B53-A0DA-FA6DDDAA5AC4}.Debug|Any CPU.Build.0 = Debug|Any CPU
		{AEDD1E39-E980-4B53-A0DA-FA6DDDAA5AC4}.Release|Any CPU.ActiveCfg = Release|Any CPU
		{AEDD1E39-E980-4B53-A0DA-FA6DDDAA5AC4}.Release|Any CPU.Build.0 = Release|Any CPU
		{E1AF8E5B-4709-4C33-9AC1-B7ED8D4A94C8}.Debug|Any CPU.ActiveCfg = Debug|Any CPU
		{E1AF8E5B-4709-4C33-9AC1-B7ED8D4A94C8}.Debug|Any CPU.Build.0 = Debug|Any CPU
		{E1AF8E5B-4709-4C33-9AC1-B7ED8D4A94C8}.Release|Any CPU.ActiveCfg = Release|Any CPU
		{E1AF8E5B-4709-4C33-9AC1-B7ED8D4A94C8}.Release|Any CPU.Build.0 = Release|Any CPU
		{57F7834B-3C8F-4E04-B8E6-19EBB3C0A9C7}.Debug|Any CPU.ActiveCfg = Debug|Any CPU
		{57F7834B-3C8F-4E04-B8E6-19EBB3C0A9C7}.Debug|Any CPU.Build.0 = Debug|Any CPU
		{57F7834B-3C8F-4E04-B8E6-19EBB3C0A9C7}.Release|Any CPU.ActiveCfg = Release|Any CPU
		{57F7834B-3C8F-4E04-B8E6-19EBB3C0A9C7}.Release|Any CPU.Build.0 = Release|Any CPU
		{19C49581-A106-40CB-84DC-FBE66876C8C2}.Debug|Any CPU.ActiveCfg = Debug|Any CPU
		{19C49581-A106-40CB-84DC-FBE66876C8C2}.Debug|Any CPU.Build.0 = Debug|Any CPU
		{19C49581-A106-40CB-84DC-FBE66876C8C2}.Release|Any CPU.ActiveCfg = Release|Any CPU
		{19C49581-A106-40CB-84DC-FBE66876C8C2}.Release|Any CPU.Build.0 = Release|Any CPU
	EndGlobalSection
	GlobalSection(SolutionProperties) = preSolution
		HideSolutionNode = FALSE
	EndGlobalSection
	GlobalSection(ExtensibilityGlobals) = postSolution
		SolutionGuid = {E3AEB329-955A-4796-A0F0-61A93D91D957}
	EndGlobalSection
EndGlobal
